// !$*UTF8*$!
{
	archiveVersion = 1;
	classes = {
	};
	objectVersion = 50;
	objects = {

/* Begin PBXBuildFile section */
		0942B4A822BB4111000BB5C3 /* button.png in Resources */ = {isa = PBXBuildFile; fileRef = 0942B4A622BB4111000BB5C3 /* button.png */; };
		0942B4A922BB4111000BB5C3 /* splash.png in Resources */ = {isa = PBXBuildFile; fileRef = 0942B4A722BB4111000BB5C3 /* splash.png */; };
		0942B4AB22BB42B1000BB5C3 /* login.png in Resources */ = {isa = PBXBuildFile; fileRef = 0942B4AA22BB42B1000BB5C3 /* login.png */; };
		0942B4AD22BB431D000BB5C3 /* loginbutton.png in Resources */ = {isa = PBXBuildFile; fileRef = 0942B4AC22BB431D000BB5C3 /* loginbutton.png */; };
		0942B4B122BB453F000BB5C3 /* tabmain.png in Resources */ = {isa = PBXBuildFile; fileRef = 0942B4B022BB453F000BB5C3 /* tabmain.png */; };
		0942B4B422BB4688000BB5C3 /* tabthird.png in Resources */ = {isa = PBXBuildFile; fileRef = 0942B4B222BB4688000BB5C3 /* tabthird.png */; };
		0942B4B522BB4688000BB5C3 /* tabsecond.png in Resources */ = {isa = PBXBuildFile; fileRef = 0942B4B322BB4688000BB5C3 /* tabsecond.png */; };
		0942B4B722BB56FF000BB5C3 /* TestWrongViewController.swift in Sources */ = {isa = PBXBuildFile; fileRef = 0942B4B622BB56FE000BB5C3 /* TestWrongViewController.swift */; };
		0942B4B922BB6822000BB5C3 /* ResultWrongViewController.swift in Sources */ = {isa = PBXBuildFile; fileRef = 0942B4B822BB6822000BB5C3 /* ResultWrongViewController.swift */; };
		0942B4BB22BB781C000BB5C3 /* delectBt.png in Resources */ = {isa = PBXBuildFile; fileRef = 0942B4BA22BB781C000BB5C3 /* delectBt.png */; };
		095D51D322AE3BF0002100B4 /* AppDelegate.swift in Sources */ = {isa = PBXBuildFile; fileRef = 095D51D222AE3BF0002100B4 /* AppDelegate.swift */; };
		095D51D822AE3BF0002100B4 /* Main.storyboard in Resources */ = {isa = PBXBuildFile; fileRef = 095D51D622AE3BF0002100B4 /* Main.storyboard */; };
		095D51DB22AE3BF0002100B4 /* Final.xcdatamodeld in Sources */ = {isa = PBXBuildFile; fileRef = 095D51D922AE3BF0002100B4 /* Final.xcdatamodeld */; };
		095D51DD22AE3BF2002100B4 /* Assets.xcassets in Resources */ = {isa = PBXBuildFile; fileRef = 095D51DC22AE3BF2002100B4 /* Assets.xcassets */; };
		095D51E022AE3BF2002100B4 /* LaunchScreen.storyboard in Resources */ = {isa = PBXBuildFile; fileRef = 095D51DE22AE3BF2002100B4 /* LaunchScreen.storyboard */; };
		095D51ED22AF2D87002100B4 /* canclebutton.png in Resources */ = {isa = PBXBuildFile; fileRef = 095D51EA22AF2D87002100B4 /* canclebutton.png */; };
		095D51EE22AF2D87002100B4 /* complete.png in Resources */ = {isa = PBXBuildFile; fileRef = 095D51EB22AF2D87002100B4 /* complete.png */; };
		095D51EF22AF2D87002100B4 /* square.png in Resources */ = {isa = PBXBuildFile; fileRef = 095D51EC22AF2D87002100B4 /* square.png */; };
		095D51F122AF2DB1002100B4 /* FirstViewController.swift in Sources */ = {isa = PBXBuildFile; fileRef = 095D51F022AF2DB1002100B4 /* FirstViewController.swift */; };
		095D51F322AF2E4A002100B4 /* ListTableViewController.swift in Sources */ = {isa = PBXBuildFile; fileRef = 095D51F222AF2E4A002100B4 /* ListTableViewController.swift */; };
		0972FBC022B0B67E00840DEF /* LoginViewController.swift in Sources */ = {isa = PBXBuildFile; fileRef = 0972FBBF22B0B67E00840DEF /* LoginViewController.swift */; };
		0972FBC222B0B69500840DEF /* CreateViewController.swift in Sources */ = {isa = PBXBuildFile; fileRef = 0972FBC122B0B69500840DEF /* CreateViewController.swift */; };
		0972FBC422B0FDBD00840DEF /* TestTableViewController.swift in Sources */ = {isa = PBXBuildFile; fileRef = 0972FBC322B0FDBD00840DEF /* TestTableViewController.swift */; };
		0972FBC622B126DF00840DEF /* TestViewController.swift in Sources */ = {isa = PBXBuildFile; fileRef = 0972FBC522B126DF00840DEF /* TestViewController.swift */; };
		0972FBC922B1381900840DEF /* back.png in Resources */ = {isa = PBXBuildFile; fileRef = 0972FBC722B1381800840DEF /* back.png */; };
		0972FBCA22B1381900840DEF /* testCheck.png in Resources */ = {isa = PBXBuildFile; fileRef = 0972FBC822B1381800840DEF /* testCheck.png */; };
		0972FBCC22B139B400840DEF /* ResultViewController.swift in Sources */ = {isa = PBXBuildFile; fileRef = 0972FBCB22B139B400840DEF /* ResultViewController.swift */; };
		0972FBD022B13D3800840DEF /* insert.png in Resources */ = {isa = PBXBuildFile; fileRef = 0972FBCF22B13D3800840DEF /* insert.png */; };
		0972FBD222B1450300840DEF /* plusEnglish.png in Resources */ = {isa = PBXBuildFile; fileRef = 0972FBD122B1450300840DEF /* plusEnglish.png */; };
		0972FBD822B15C6200840DEF /* Englishes.swift in Sources */ = {isa = PBXBuildFile; fileRef = 0972FBD722B15C6200840DEF /* Englishes.swift */; };
/* End PBXBuildFile section */

/* Begin PBXFileReference section */
		0942B4A622BB4111000BB5C3 /* button.png */ = {isa = PBXFileReference; lastKnownFileType = image.png; path = button.png; sourceTree = "<group>"; };
		0942B4A722BB4111000BB5C3 /* splash.png */ = {isa = PBXFileReference; lastKnownFileType = image.png; path = splash.png; sourceTree = "<group>"; };
		0942B4AA22BB42B1000BB5C3 /* login.png */ = {isa = PBXFileReference; lastKnownFileType = image.png; path = login.png; sourceTree = "<group>"; };
		0942B4AC22BB431D000BB5C3 /* loginbutton.png */ = {isa = PBXFileReference; lastKnownFileType = image.png; path = loginbutton.png; sourceTree = "<group>"; };
		0942B4B022BB453F000BB5C3 /* tabmain.png */ = {isa = PBXFileReference; lastKnownFileType = image.png; path = tabmain.png; sourceTree = "<group>"; };
		0942B4B222BB4688000BB5C3 /* tabthird.png */ = {isa = PBXFileReference; lastKnownFileType = image.png; path = tabthird.png; sourceTree = "<group>"; };
		0942B4B322BB4688000BB5C3 /* tabsecond.png */ = {isa = PBXFileReference; lastKnownFileType = image.png; path = tabsecond.png; sourceTree = "<group>"; };
		0942B4B622BB56FE000BB5C3 /* TestWrongViewController.swift */ = {isa = PBXFileReference; lastKnownFileType = sourcecode.swift; path = TestWrongViewController.swift; sourceTree = "<group>"; };
		0942B4B822BB6822000BB5C3 /* ResultWrongViewController.swift */ = {isa = PBXFileReference; lastKnownFileType = sourcecode.swift; path = ResultWrongViewController.swift; sourceTree = "<group>"; };
		0942B4BA22BB781C000BB5C3 /* delectBt.png */ = {isa = PBXFileReference; lastKnownFileType = image.png; path = delectBt.png; sourceTree = "<group>"; };
		095D51CF22AE3BF0002100B4 /* Final.app */ = {isa = PBXFileReference; explicitFileType = wrapper.application; includeInIndex = 0; path = Final.app; sourceTree = BUILT_PRODUCTS_DIR; };
		095D51D222AE3BF0002100B4 /* AppDelegate.swift */ = {isa = PBXFileReference; lastKnownFileType = sourcecode.swift; path = AppDelegate.swift; sourceTree = "<group>"; };
		095D51D722AE3BF0002100B4 /* Base */ = {isa = PBXFileReference; lastKnownFileType = file.storyboard; name = Base; path = Base.lproj/Main.storyboard; sourceTree = "<group>"; };
		095D51DA22AE3BF0002100B4 /* Final.xcdatamodel */ = {isa = PBXFileReference; lastKnownFileType = wrapper.xcdatamodel; path = Final.xcdatamodel; sourceTree = "<group>"; };
		095D51DC22AE3BF2002100B4 /* Assets.xcassets */ = {isa = PBXFileReference; lastKnownFileType = folder.assetcatalog; path = Assets.xcassets; sourceTree = "<group>"; };
		095D51DF22AE3BF2002100B4 /* Base */ = {isa = PBXFileReference; lastKnownFileType = file.storyboard; name = Base; path = Base.lproj/LaunchScreen.storyboard; sourceTree = "<group>"; };
		095D51E122AE3BF2002100B4 /* Info.plist */ = {isa = PBXFileReference; lastKnownFileType = text.plist.xml; path = Info.plist; sourceTree = "<group>"; };
		095D51EA22AF2D87002100B4 /* canclebutton.png */ = {isa = PBXFileReference; lastKnownFileType = image.png; path = canclebutton.png; sourceTree = "<group>"; };
		095D51EB22AF2D87002100B4 /* complete.png */ = {isa = PBXFileReference; lastKnownFileType = image.png; path = complete.png; sourceTree = "<group>"; };
		095D51EC22AF2D87002100B4 /* square.png */ = {isa = PBXFileReference; lastKnownFileType = image.png; path = square.png; sourceTree = "<group>"; };
		095D51F022AF2DB1002100B4 /* FirstViewController.swift */ = {isa = PBXFileReference; lastKnownFileType = sourcecode.swift; path = FirstViewController.swift; sourceTree = "<group>"; };
		095D51F222AF2E4A002100B4 /* ListTableViewController.swift */ = {isa = PBXFileReference; lastKnownFileType = sourcecode.swift; path = ListTableViewController.swift; sourceTree = "<group>"; };
		0972FBBF22B0B67E00840DEF /* LoginViewController.swift */ = {isa = PBXFileReference; lastKnownFileType = sourcecode.swift; path = LoginViewController.swift; sourceTree = "<group>"; };
		0972FBC122B0B69500840DEF /* CreateViewController.swift */ = {isa = PBXFileReference; lastKnownFileType = sourcecode.swift; path = CreateViewController.swift; sourceTree = "<group>"; };
		0972FBC322B0FDBD00840DEF /* TestTableViewController.swift */ = {isa = PBXFileReference; lastKnownFileType = sourcecode.swift; path = TestTableViewController.swift; sourceTree = "<group>"; };
		0972FBC522B126DF00840DEF /* TestViewController.swift */ = {isa = PBXFileReference; lastKnownFileType = sourcecode.swift; path = TestViewController.swift; sourceTree = "<group>"; };
		0972FBC722B1381800840DEF /* back.png */ = {isa = PBXFileReference; lastKnownFileType = image.png; path = back.png; sourceTree = "<group>"; };
		0972FBC822B1381800840DEF /* testCheck.png */ = {isa = PBXFileReference; lastKnownFileType = image.png; path = testCheck.png; sourceTree = "<group>"; };
		0972FBCB22B139B400840DEF /* ResultViewController.swift */ = {isa = PBXFileReference; lastKnownFileType = sourcecode.swift; path = ResultViewController.swift; sourceTree = "<group>"; };
		0972FBCF22B13D3800840DEF /* insert.png */ = {isa = PBXFileReference; lastKnownFileType = image.png; path = insert.png; sourceTree = "<group>"; };
		0972FBD122B1450300840DEF /* plusEnglish.png */ = {isa = PBXFileReference; lastKnownFileType = image.png; path = plusEnglish.png; sourceTree = "<group>"; };
		0972FBD722B15C6200840DEF /* Englishes.swift */ = {isa = PBXFileReference; lastKnownFileType = sourcecode.swift; path = Englishes.swift; sourceTree = "<group>"; };
/* End PBXFileReference section */

/* Begin PBXFrameworksBuildPhase section */
		095D51CC22AE3BF0002100B4 /* Frameworks */ = {
			isa = PBXFrameworksBuildPhase;
			buildActionMask = 2147483647;
			files = (
			);
			runOnlyForDeploymentPostprocessing = 0;
		};
/* End PBXFrameworksBuildPhase section */

/* Begin PBXGroup section */
		095D51C622AE3BF0002100B4 = {
			isa = PBXGroup;
			children = (
				095D51E722AF2CF8002100B4 /* img */,
				095D51D122AE3BF0002100B4 /* Final */,
				095D51D022AE3BF0002100B4 /* Products */,
			);
			sourceTree = "<group>";
		};
		095D51D022AE3BF0002100B4 /* Products */ = {
			isa = PBXGroup;
			children = (
				095D51CF22AE3BF0002100B4 /* Final.app */,
			);
			name = Products;
			sourceTree = "<group>";
		};
		095D51D122AE3BF0002100B4 /* Final */ = {
			isa = PBXGroup;
			children = (
				095D51D222AE3BF0002100B4 /* AppDelegate.swift */,
				095D51D622AE3BF0002100B4 /* Main.storyboard */,
				095D51DC22AE3BF2002100B4 /* Assets.xcassets */,
				095D51DE22AE3BF2002100B4 /* LaunchScreen.storyboard */,
				095D51E122AE3BF2002100B4 /* Info.plist */,
				095D51D922AE3BF0002100B4 /* Final.xcdatamodeld */,
				095D51F022AF2DB1002100B4 /* FirstViewController.swift */,
				095D51F222AF2E4A002100B4 /* ListTableViewController.swift */,
				0972FBBF22B0B67E00840DEF /* LoginViewController.swift */,
				0972FBC122B0B69500840DEF /* CreateViewController.swift */,
				0972FBC322B0FDBD00840DEF /* TestTableViewController.swift */,
				0972FBC522B126DF00840DEF /* TestViewController.swift */,
				0972FBCB22B139B400840DEF /* ResultViewController.swift */,
				0972FBD722B15C6200840DEF /* Englishes.swift */,
				0942B4B622BB56FE000BB5C3 /* TestWrongViewController.swift */,
				0942B4B822BB6822000BB5C3 /* ResultWrongViewController.swift */,
			);
			path = Final;
			sourceTree = "<group>";
		};
		095D51E722AF2CF8002100B4 /* img */ = {
			isa = PBXGroup;
			children = (
				0942B4BA22BB781C000BB5C3 /* delectBt.png */,
				0942B4B322BB4688000BB5C3 /* tabsecond.png */,
				0942B4B222BB4688000BB5C3 /* tabthird.png */,
				0942B4B022BB453F000BB5C3 /* tabmain.png */,
				0942B4AC22BB431D000BB5C3 /* loginbutton.png */,
				0942B4AA22BB42B1000BB5C3 /* login.png */,
				0942B4A622BB4111000BB5C3 /* button.png */,
				0942B4A722BB4111000BB5C3 /* splash.png */,
				0972FBD122B1450300840DEF /* plusEnglish.png */,
				0972FBCF22B13D3800840DEF /* insert.png */,
				0972FBC722B1381800840DEF /* back.png */,
				0972FBC822B1381800840DEF /* testCheck.png */,
				095D51EA22AF2D87002100B4 /* canclebutton.png */,
				095D51EB22AF2D87002100B4 /* complete.png */,
				095D51EC22AF2D87002100B4 /* square.png */,
			);
			path = img;
			sourceTree = "<group>";
		};
/* End PBXGroup section */

/* Begin PBXNativeTarget section */
		095D51CE22AE3BF0002100B4 /* Final */ = {
			isa = PBXNativeTarget;
			buildConfigurationList = 095D51E422AE3BF2002100B4 /* Build configuration list for PBXNativeTarget "Final" */;
			buildPhases = (
				095D51CB22AE3BF0002100B4 /* Sources */,
				095D51CC22AE3BF0002100B4 /* Frameworks */,
				095D51CD22AE3BF0002100B4 /* Resources */,
			);
			buildRules = (
			);
			dependencies = (
			);
			name = Final;
			productName = Final;
			productReference = 095D51CF22AE3BF0002100B4 /* Final.app */;
			productType = "com.apple.product-type.application";
		};
/* End PBXNativeTarget section */

/* Begin PBXProject section */
		095D51C722AE3BF0002100B4 /* Project object */ = {
			isa = PBXProject;
			attributes = {
				LastSwiftUpdateCheck = 1010;
				LastUpgradeCheck = 1010;
				ORGANIZATIONNAME = "한수민";
				TargetAttributes = {
					095D51CE22AE3BF0002100B4 = {
						CreatedOnToolsVersion = 10.1;
					};
				};
			};
			buildConfigurationList = 095D51CA22AE3BF0002100B4 /* Build configuration list for PBXProject "Final" */;
			compatibilityVersion = "Xcode 9.3";
			developmentRegion = en;
			hasScannedForEncodings = 0;
			knownRegions = (
				en,
				Base,
			);
			mainGroup = 095D51C622AE3BF0002100B4;
			productRefGroup = 095D51D022AE3BF0002100B4 /* Products */;
			projectDirPath = "";
			projectRoot = "";
			targets = (
				095D51CE22AE3BF0002100B4 /* Final */,
			);
		};
/* End PBXProject section */

/* Begin PBXResourcesBuildPhase section */
		095D51CD22AE3BF0002100B4 /* Resources */ = {
			isa = PBXResourcesBuildPhase;
			buildActionMask = 2147483647;
			files = (
				0942B4BB22BB781C000BB5C3 /* delectBt.png in Resources */,
				0942B4A822BB4111000BB5C3 /* button.png in Resources */,
				0942B4B422BB4688000BB5C3 /* tabthird.png in Resources */,
				095D51E022AE3BF2002100B4 /* LaunchScreen.storyboard in Resources */,
				095D51EE22AF2D87002100B4 /* complete.png in Resources */,
				0942B4AD22BB431D000BB5C3 /* loginbutton.png in Resources */,
				0972FBD222B1450300840DEF /* plusEnglish.png in Resources */,
				0942B4A922BB4111000BB5C3 /* splash.png in Resources */,
				0942B4B122BB453F000BB5C3 /* tabmain.png in Resources */,
				095D51ED22AF2D87002100B4 /* canclebutton.png in Resources */,
				095D51DD22AE3BF2002100B4 /* Assets.xcassets in Resources */,
				0972FBD022B13D3800840DEF /* insert.png in Resources */,
				0972FBC922B1381900840DEF /* back.png in Resources */,
				0942B4B522BB4688000BB5C3 /* tabsecond.png in Resources */,
				095D51EF22AF2D87002100B4 /* square.png in Resources */,
				0942B4AB22BB42B1000BB5C3 /* login.png in Resources */,
				0972FBCA22B1381900840DEF /* testCheck.png in Resources */,
				095D51D822AE3BF0002100B4 /* Main.storyboard in Resources */,
			);
			runOnlyForDeploymentPostprocessing = 0;
		};
/* End PBXResourcesBuildPhase section */

/* Begin PBXSourcesBuildPhase section */
		095D51CB22AE3BF0002100B4 /* Sources */ = {
			isa = PBXSourcesBuildPhase;
			buildActionMask = 2147483647;
			files = (
				0972FBC022B0B67E00840DEF /* LoginViewController.swift in Sources */,
				0942B4B722BB56FF000BB5C3 /* TestWrongViewController.swift in Sources */,
				095D51DB22AE3BF0002100B4 /* Final.xcdatamodeld in Sources */,
				0972FBC222B0B69500840DEF /* CreateViewController.swift in Sources */,
				095D51D322AE3BF0002100B4 /* AppDelegate.swift in Sources */,
				0942B4B922BB6822000BB5C3 /* ResultWrongViewController.swift in Sources */,
				0972FBCC22B139B400840DEF /* ResultViewController.swift in Sources */,
				095D51F322AF2E4A002100B4 /* ListTableViewController.swift in Sources */,
				095D51F122AF2DB1002100B4 /* FirstViewController.swift in Sources */,
				0972FBD822B15C6200840DEF /* Englishes.swift in Sources */,
				0972FBC622B126DF00840DEF /* TestViewController.swift in Sources */,
				0972FBC422B0FDBD00840DEF /* TestTableViewController.swift in Sources */,
			);
			runOnlyForDeploymentPostprocessing = 0;
		};
/* End PBXSourcesBuildPhase section */

/* Begin PBXVariantGroup section */
		095D51D622AE3BF0002100B4 /* Main.storyboard */ = {
			isa = PBXVariantGroup;
			children = (
				095D51D722AE3BF0002100B4 /* Base */,
			);
			name = Main.storyboard;
			sourceTree = "<group>";
		};
		095D51DE22AE3BF2002100B4 /* LaunchScreen.storyboard */ = {
			isa = PBXVariantGroup;
			children = (
				095D51DF22AE3BF2002100B4 /* Base */,
			);
			name = LaunchScreen.storyboard;
			sourceTree = "<group>";
		};
/* End PBXVariantGroup section */

/* Begin XCBuildConfiguration section */
		095D51E222AE3BF2002100B4 /* Debug */ = {
			isa = XCBuildConfiguration;
			buildSettings = {
				ALWAYS_SEARCH_USER_PATHS = NO;
				CLANG_ANALYZER_NONNULL = YES;
				CLANG_ANALYZER_NUMBER_OBJECT_CONVERSION = YES_AGGRESSIVE;
				CLANG_CXX_LANGUAGE_STANDARD = "gnu++14";
				CLANG_CXX_LIBRARY = "libc++";
				CLANG_ENABLE_MODULES = YES;
				CLANG_ENABLE_OBJC_ARC = YES;
				CLANG_ENABLE_OBJC_WEAK = YES;
				CLANG_WARN_BLOCK_CAPTURE_AUTORELEASING = YES;
				CLANG_WARN_BOOL_CONVERSION = YES;
				CLANG_WARN_COMMA = YES;
				CLANG_WARN_CONSTANT_CONVERSION = YES;
				CLANG_WARN_DEPRECATED_OBJC_IMPLEMENTATIONS = YES;
				CLANG_WARN_DIRECT_OBJC_ISA_USAGE = YES_ERROR;
				CLANG_WARN_DOCUMENTATION_COMMENTS = YES;
				CLANG_WARN_EMPTY_BODY = YES;
				CLANG_WARN_ENUM_CONVERSION = YES;
				CLANG_WARN_INFINITE_RECURSION = YES;
				CLANG_WARN_INT_CONVERSION = YES;
				CLANG_WARN_NON_LITERAL_NULL_CONVERSION = YES;
				CLANG_WARN_OBJC_IMPLICIT_RETAIN_SELF = YES;
				CLANG_WARN_OBJC_LITERAL_CONVERSION = YES;
				CLANG_WARN_OBJC_ROOT_CLASS = YES_ERROR;
				CLANG_WARN_RANGE_LOOP_ANALYSIS = YES;
				CLANG_WARN_STRICT_PROTOTYPES = YES;
				CLANG_WARN_SUSPICIOUS_MOVE = YES;
				CLANG_WARN_UNGUARDED_AVAILABILITY = YES_AGGRESSIVE;
				CLANG_WARN_UNREACHABLE_CODE = YES;
				CLANG_WARN__DUPLICATE_METHOD_MATCH = YES;
				CODE_SIGN_IDENTITY = "iPhone Developer";
				COPY_PHASE_STRIP = NO;
				DEBUG_INFORMATION_FORMAT = dwarf;
				ENABLE_STRICT_OBJC_MSGSEND = YES;
				ENABLE_TESTABILITY = YES;
				GCC_C_LANGUAGE_STANDARD = gnu11;
				GCC_DYNAMIC_NO_PIC = NO;
				GCC_NO_COMMON_BLOCKS = YES;
				GCC_OPTIMIZATION_LEVEL = 0;
				GCC_PREPROCESSOR_DEFINITIONS = (
					"DEBUG=1",
					"$(inherited)",
				);
				GCC_WARN_64_TO_32_BIT_CONVERSION = YES;
				GCC_WARN_ABOUT_RETURN_TYPE = YES_ERROR;
				GCC_WARN_UNDECLARED_SELECTOR = YES;
				GCC_WARN_UNINITIALIZED_AUTOS = YES_AGGRESSIVE;
				GCC_WARN_UNUSED_FUNCTION = YES;
				GCC_WARN_UNUSED_VARIABLE = YES;
				IPHONEOS_DEPLOYMENT_TARGET = 12.1;
				MTL_ENABLE_DEBUG_INFO = INCLUDE_SOURCE;
				MTL_FAST_MATH = YES;
				ONLY_ACTIVE_ARCH = YES;
				SDKROOT = iphoneos;
				SWIFT_ACTIVE_COMPILATION_CONDITIONS = DEBUG;
				SWIFT_OPTIMIZATION_LEVEL = "-Onone";
			};
			name = Debug;
		};
		095D51E322AE3BF2002100B4 /* Release */ = {
			isa = XCBuildConfiguration;
			buildSettings = {
				ALWAYS_SEARCH_USER_PATHS = NO;
				CLANG_ANALYZER_NONNULL = YES;
				CLANG_ANALYZER_NUMBER_OBJECT_CONVERSION = YES_AGGRESSIVE;
				CLANG_CXX_LANGUAGE_STANDARD = "gnu++14";
				CLANG_CXX_LIBRARY = "libc++";
				CLANG_ENABLE_MODULES = YES;
				CLANG_ENABLE_OBJC_ARC = YES;
				CLANG_ENABLE_OBJC_WEAK = YES;
				CLANG_WARN_BLOCK_CAPTURE_AUTORELEASING = YES;
				CLANG_WARN_BOOL_CONVERSION = YES;
				CLANG_WARN_COMMA = YES;
				CLANG_WARN_CONSTANT_CONVERSION = YES;
				CLANG_WARN_DEPRECATED_OBJC_IMPLEMENTATIONS = YES;
				CLANG_WARN_DIRECT_OBJC_ISA_USAGE = YES_ERROR;
				CLANG_WARN_DOCUMENTATION_COMMENTS = YES;
				CLANG_WARN_EMPTY_BODY = YES;
				CLANG_WARN_ENUM_CONVERSION = YES;
				CLANG_WARN_INFINITE_RECURSION = YES;
				CLANG_WARN_INT_CONVERSION = YES;
				CLANG_WARN_NON_LITERAL_NULL_CONVERSION = YES;
				CLANG_WARN_OBJC_IMPLICIT_RETAIN_SELF = YES;
				CLANG_WARN_OBJC_LITERAL_CONVERSION = YES;
				CLANG_WARN_OBJC_ROOT_CLASS = YES_ERROR;
				CLANG_WARN_RANGE_LOOP_ANALYSIS = YES;
				CLANG_WARN_STRICT_PROTOTYPES = YES;
				CLANG_WARN_SUSPICIOUS_MOVE = YES;
				CLANG_WARN_UNGUARDED_AVAILABILITY = YES_AGGRESSIVE;
				CLANG_WARN_UNREACHABLE_CODE = YES;
				CLANG_WARN__DUPLICATE_METHOD_MATCH = YES;
				CODE_SIGN_IDENTITY = "iPhone Developer";
				COPY_PHASE_STRIP = NO;
				DEBUG_INFORMATION_FORMAT = "dwarf-with-dsym";
				ENABLE_NS_ASSERTIONS = NO;
				ENABLE_STRICT_OBJC_MSGSEND = YES;
				GCC_C_LANGUAGE_STANDARD = gnu11;
				GCC_NO_COMMON_BLOCKS = YES;
				GCC_WARN_64_TO_32_BIT_CONVERSION = YES;
				GCC_WARN_ABOUT_RETURN_TYPE = YES_ERROR;
				GCC_WARN_UNDECLARED_SELECTOR = YES;
				GCC_WARN_UNINITIALIZED_AUTOS = YES_AGGRESSIVE;
				GCC_WARN_UNUSED_FUNCTION = YES;
				GCC_WARN_UNUSED_VARIABLE = YES;
				IPHONEOS_DEPLOYMENT_TARGET = 12.1;
				MTL_ENABLE_DEBUG_INFO = NO;
				MTL_FAST_MATH = YES;
				SDKROOT = iphoneos;
				SWIFT_COMPILATION_MODE = wholemodule;
				SWIFT_OPTIMIZATION_LEVEL = "-O";
				VALIDATE_PRODUCT = YES;
			};
			name = Release;
		};
		095D51E522AE3BF2002100B4 /* Debug */ = {
			isa = XCBuildConfiguration;
			buildSettings = {
				ASSETCATALOG_COMPILER_APPICON_NAME = AppIcon;
				CODE_SIGN_STYLE = Automatic;
				INFOPLIST_FILE = Final/Info.plist;
				LD_RUNPATH_SEARCH_PATHS = (
					"$(inherited)",
					"@executable_path/Frameworks",
				);
				PRODUCT_BUNDLE_IDENTIFIER = sumin.Final;
				PRODUCT_NAME = "$(TARGET_NAME)";
				SWIFT_VERSION = 4.2;
				TARGETED_DEVICE_FAMILY = "1,2";
			};
			name = Debug;
		};
		095D51E622AE3BF2002100B4 /* Release */ = {
			isa = XCBuildConfiguration;
			buildSettings = {
				ASSETCATALOG_COMPILER_APPICON_NAME = AppIcon;
				CODE_SIGN_STYLE = Automatic;
				INFOPLIST_FILE = Final/Info.plist;
				LD_RUNPATH_SEARCH_PATHS = (
					"$(inherited)",
					"@executable_path/Frameworks",
				);
				PRODUCT_BUNDLE_IDENTIFIER = sumin.Final;
				PRODUCT_NAME = "$(TARGET_NAME)";
				SWIFT_VERSION = 4.2;
				TARGETED_DEVICE_FAMILY = "1,2";
			};
			name = Release;
		};
/* End XCBuildConfiguration section */

/* Begin XCConfigurationList section */
		095D51CA22AE3BF0002100B4 /* Build configuration list for PBXProject "Final" */ = {
			isa = XCConfigurationList;
			buildConfigurations = (
				095D51E222AE3BF2002100B4 /* Debug */,
				095D51E322AE3BF2002100B4 /* Release */,
			);
			defaultConfigurationIsVisible = 0;
			defaultConfigurationName = Release;
		};
		095D51E422AE3BF2002100B4 /* Build configuration list for PBXNativeTarget "Final" */ = {
			isa = XCConfigurationList;
			buildConfigurations = (
				095D51E522AE3BF2002100B4 /* Debug */,
				095D51E622AE3BF2002100B4 /* Release */,
			);
			defaultConfigurationIsVisible = 0;
			defaultConfigurationName = Release;
		};
/* End XCConfigurationList section */

/* Begin XCVersionGroup section */
		095D51D922AE3BF0002100B4 /* Final.xcdatamodeld */ = {
			isa = XCVersionGroup;
			children = (
				095D51DA22AE3BF0002100B4 /* Final.xcdatamodel */,
			);
			currentVersion = 095D51DA22AE3BF0002100B4 /* Final.xcdatamodel */;
			path = Final.xcdatamodeld;
			sourceTree = "<group>";
			versionGroupType = wrapper.xcdatamodel;
		};
/* End XCVersionGroup section */
	};
	rootObject = 095D51C722AE3BF0002100B4 /* Project object */;
}
